
Microsoft Visual Studio Solution File, Format Version 12.00
# Visual Studio Version 16
VisualStudioVersion = 16.0.28803.916
MinimumVisualStudioVersion = 10.0.40219.1
Project("{FAE04EC0-301F-11D3-BF4B-00C04F79EFBC}") = "MySolidEdgeAddIn1", "MySolidEdgeAddIn1\MySolidEdgeAddIn1.csproj", "{9EA895C5-E875-4500-91D5-6A3A6D5C43E0}"
EndProject
Project("{FAE04EC0-301F-11D3-BF4B-00C04F79EFBC}") = "UnitTestProject1", "UnitTestProject1\UnitTestProject1.csproj", "{A4CBE45F-184E-4FE6-87FF-BD63428DB65C}"
EndProject
Project("{FAE04EC0-301F-11D3-BF4B-00C04F79EFBC}") = "DraftHelper", "DraftHelper\DraftHelper.csproj", "{14C51A1C-5032-4A36-8E87-54619618F122}"
EndProject
Global
	GlobalSection(SolutionConfigurationPlatforms) = preSolution
		Debug|Any CPU = Debug|Any CPU
		Release|Any CPU = Release|Any CPU
	EndGlobalSection
	GlobalSection(ProjectConfigurationPlatforms) = postSolution
		{9EA895C5-E875-4500-91D5-6A3A6D5C43E0}.Debug|Any CPU.ActiveCfg = Debug|Any CPU
		{9EA895C5-E875-4500-91D5-6A3A6D5C43E0}.Debug|Any CPU.Build.0 = Debug|Any CPU
		{9EA895C5-E875-4500-91D5-6A3A6D5C43E0}.Release|Any CPU.ActiveCfg = Release|Any CPU
		{9EA895C5-E875-4500-91D5-6A3A6D5C43E0}.Release|Any CPU.Build.0 = Release|Any CPU
		{A4CBE45F-184E-4FE6-87FF-BD63428DB65C}.Debug|Any CPU.ActiveCfg = Debug|Any CPU
		{A4CBE45F-184E-4FE6-87FF-BD63428DB65C}.Debug|Any CPU.Build.0 = Debug|Any CPU
		{A4CBE45F-184E-4FE6-87FF-BD63428DB65C}.Release|Any CPU.ActiveCfg = Release|Any CPU
		{A4CBE45F-184E-4FE6-87FF-BD63428DB65C}.Release|Any CPU.Build.0 = Release|Any CPU
		{14C51A1C-5032-4A36-8E87-54619618F122}.Debug|Any CPU.ActiveCfg = Debug|Any CPU
		{14C51A1C-5032-4A36-8E87-54619618F122}.Debug|Any CPU.Build.0 = Debug|Any CPU
		{14C51A1C-5032-4A36-8E87-54619618F122}.Release|Any CPU.ActiveCfg = Release|Any CPU
		{14C51A1C-5032-4A36-8E87-54619618F122}.Release|Any CPU.Build.0 = Release|Any CPU
	EndGlobalSection
	GlobalSection(SolutionProperties) = preSolution
		HideSolutionNode = FALSE
	EndGlobalSection
	GlobalSection(ExtensibilityGlobals) = postSolution
		SolutionGuid = {E8EFA4E0-FADE-4303-A48A-E8DA4596051C}
	EndGlobalSection
EndGlobal
